
Microsoft Visual Studio Solution File, Format Version 12.00
# Visual Studio Version 16
VisualStudioVersion = 16.0.29230.47
MinimumVisualStudioVersion = 10.0.40219.1
Project("{888888A0-9F3D-457C-B088-3A5042F75D52}") = "NadavFlask1", "NadavFlask1\NadavFlask1.pyproj", "{11C76A05-D527-4714-BB1F-B7DB0DB4C042}"
EndProject
Global
	GlobalSection(SolutionConfigurationPlatforms) = preSolution
		Debug|Any CPU = Debug|Any CPU
		Release|Any CPU = Release|Any CPU
	EndGlobalSection
	GlobalSection(ProjectConfigurationPlatforms) = postSolution
		{11C76A05-D527-4714-BB1F-B7DB0DB4C042}.Debug|Any CPU.ActiveCfg = Debug|Any CPU
		{11C76A05-D527-4714-BB1F-B7DB0DB4C042}.Debug|Any CPU.Build.0 = Debug|Any CPU
		{11C76A05-D527-4714-BB1F-B7DB0DB4C042}.Release|Any CPU.ActiveCfg = Release|Any CPU
		{11C76A05-D527-4714-BB1F-B7DB0DB4C042}.Release|Any CPU.Build.0 = Release|Any CPU
	EndGlobalSection
	GlobalSection(SolutionProperties) = preSolution
		HideSolutionNode = FALSE
	EndGlobalSection
	GlobalSection(ExtensibilityGlobals) = postSolution
		SolutionGuid = {B98823D8-6199-4FD0-B0B9-CE2787411EF8}
	EndGlobalSection
EndGlobal
